{
  "version": 4,
  "terraform_version": "1.10.5",
  "serial": 4,
  "lineage": "5d944bd8-8dd0-ed14-8cb8-6b8ecf6a6f0d",
  "outputs": {},
  "resources": [
    {
      "mode": "data",
      "type": "confluent_environment",
      "name": "environment",
      "provider": "provider[\"registry.terraform.io/confluentinc/confluent\"]",
      "instances": [
        {
          "schema_version": 0,
          "attributes": {
            "display_name": "flink_env",
            "id": "env-qp0oy6",
            "resource_name": "crn://confluent.cloud/organization=cf485e1d-99fc-452a-b823-c2b80e2a86eb/environment=env-qp0oy6",
            "stream_governance": [
              {
                "package": "ESSENTIALS"
              }
            ]
          },
          "sensitive_attributes": []
        }
      ]
    },
    {
      "mode": "data",
      "type": "confluent_kafka_cluster",
      "name": "cluster",
      "provider": "provider[\"registry.terraform.io/confluentinc/confluent\"]",
      "instances": [
        {
          "schema_version": 0,
          "attributes": {
            "api_version": "cmk/v2",
            "availability": "LOW",
            "basic": [
              {}
            ],
            "bootstrap_endpoint": "SASL_SSL://pkc-619z3.us-east1.gcp.confluent.cloud:9092",
            "byok_key": [
              {
                "id": ""
              }
            ],
            "cloud": "GCP",
            "dedicated": [],
            "display_name": "cluster_0",
            "enterprise": [],
            "environment": [
              {
                "id": "env-qp0oy6"
              }
            ],
            "freight": [],
            "id": "lkc-oj9k3j",
            "kind": "Cluster",
            "network": [
              {
                "id": ""
              }
            ],
            "rbac_crn": "crn://confluent.cloud/organization=cf485e1d-99fc-452a-b823-c2b80e2a86eb/environment=env-qp0oy6/cloud-cluster=lkc-oj9k3j",
            "region": "us-east1",
            "rest_endpoint": "https://pkc-619z3.us-east1.gcp.confluent.cloud:443",
            "standard": []
          },
          "sensitive_attributes": []
        }
      ]
    },
    {
      "mode": "data",
      "type": "confluent_schema_registry_cluster",
      "name": "schema_registry",
      "provider": "provider[\"registry.terraform.io/confluentinc/confluent\"]",
      "instances": [
        {
          "schema_version": 0,
          "attributes": {
            "api_version": "srcm/v3",
            "catalog_endpoint": "https://psrc-15n3ogk.eastus.azure.confluent.cloud",
            "cloud": "AZURE",
            "display_name": "Always On Stream Governance Package",
            "environment": [
              {
                "id": "env-qp0oy6"
              }
            ],
            "id": "lsrc-0kgow5",
            "kind": "Cluster",
            "package": "ESSENTIALS",
            "private_rest_endpoint": "",
            "region": "eastus",
            "resource_name": "crn://confluent.cloud/organization=cf485e1d-99fc-452a-b823-c2b80e2a86eb/environment=env-qp0oy6/schema-registry=lsrc-0kgow5",
            "rest_endpoint": "https://psrc-15n3ogk.eastus.azure.confluent.cloud"
          },
          "sensitive_attributes": []
        }
      ]
    },
    {
      "module": "module.schema",
      "mode": "managed",
      "type": "confluent_schema",
      "name": "schema",
      "provider": "module.schema.provider[\"registry.terraform.io/confluentinc/confluent\"]",
      "instances": [
        {
          "index_key": "purchase-key",
          "schema_version": 0,
          "attributes": {
            "credentials": [
              {
                "key": "7ZKMU36Z4GWYK2XS",
                "secret": "UeksEAErSJTbOFuUBpTXsA7XUlGHc2yTfk3R4qFeZ1wfLrI3d3Zdx4zBUl7CBU/d"
              }
            ],
            "format": "AVRO",
            "hard_delete": false,
            "id": "lsrc-0kgow5/purchase-key/latest",
            "metadata": null,
            "recreate_on_update": false,
            "rest_endpoint": "https://psrc-15n3ogk.eastus.azure.confluent.cloud",
            "ruleset": null,
            "schema": "{\"type\":\"record\",\"name\":\"test_key\",\"namespace\":\"fr.rs2i.test\",\"fields\":[{\"name\":\"key\",\"type\":\"int\"}]}",
            "schema_identifier": 100033,
            "schema_reference": [],
            "schema_registry_cluster": [
              {
                "id": "lsrc-0kgow5"
              }
            ],
            "skip_validation_during_plan": false,
            "subject_name": "purchase-key",
            "version": 1
          },
          "sensitive_attributes": [
            [
              {
                "type": "get_attr",
                "value": "credentials"
              },
              {
                "type": "index",
                "value": {
                  "value": 0,
                  "type": "number"
                }
              },
              {
                "type": "get_attr",
                "value": "key"
              }
            ],
            [
              {
                "type": "get_attr",
                "value": "credentials"
              },
              {
                "type": "index",
                "value": {
                  "value": 0,
                  "type": "number"
                }
              },
              {
                "type": "get_attr",
                "value": "secret"
              }
            ]
          ],
          "private": "bnVsbA==",
          "dependencies": [
            "data.confluent_environment.environment",
            "data.confluent_schema_registry_cluster.schema_registry"
          ]
        },
        {
          "index_key": "purchase-value",
          "schema_version": 0,
          "attributes": {
            "credentials": [
              {
                "key": "7ZKMU36Z4GWYK2XS",
                "secret": "UeksEAErSJTbOFuUBpTXsA7XUlGHc2yTfk3R4qFeZ1wfLrI3d3Zdx4zBUl7CBU/d"
              }
            ],
            "format": "AVRO",
            "hard_delete": false,
            "id": "lsrc-0kgow5/purchase-value/latest",
            "metadata": null,
            "recreate_on_update": false,
            "rest_endpoint": "https://psrc-15n3ogk.eastus.azure.confluent.cloud",
            "ruleset": null,
            "schema": "{\"type\":\"record\",\"name\":\"test_key\",\"namespace\":\"fr.rs2i.test\",\"fields\":[{\"name\":\"id\",\"type\":\"int\"},{\"name\":\"item\",\"type\":\"string\"}]}",
            "schema_identifier": 100032,
            "schema_reference": [],
            "schema_registry_cluster": [
              {
                "id": "lsrc-0kgow5"
              }
            ],
            "skip_validation_during_plan": false,
            "subject_name": "purchase-value",
            "version": 1
          },
          "sensitive_attributes": [
            [
              {
                "type": "get_attr",
                "value": "credentials"
              },
              {
                "type": "index",
                "value": {
                  "value": 0,
                  "type": "number"
                }
              },
              {
                "type": "get_attr",
                "value": "key"
              }
            ],
            [
              {
                "type": "get_attr",
                "value": "credentials"
              },
              {
                "type": "index",
                "value": {
                  "value": 0,
                  "type": "number"
                }
              },
              {
                "type": "get_attr",
                "value": "secret"
              }
            ]
          ],
          "private": "bnVsbA==",
          "dependencies": [
            "data.confluent_environment.environment",
            "data.confluent_schema_registry_cluster.schema_registry"
          ]
        }
      ]
    }
  ],
  "check_results": null
}
